
Microsoft Visual Studio Solution File, Format Version 12.00
# Visual Studio 15
VisualStudioVersion = 15.0.28010.2016
MinimumVisualStudioVersion = 10.0.40219.1
Project("{FAE04EC0-301F-11D3-BF4B-00C04F79EFBC}") = "SpeechDemo", "SpeechDemo\SpeechDemo.csproj", "{2533A2A5-BAE5-4192-9257-06EC16913120}"
EndProject
Global
	GlobalSection(SolutionConfigurationPlatforms) = preSolution
		Debug|Any CPU = Debug|Any CPU
		Release|Any CPU = Release|Any CPU
	EndGlobalSection
	GlobalSection(ProjectConfigurationPlatforms) = postSolution
		{2533A2A5-BAE5-4192-9257-06EC16913120}.Debug|Any CPU.ActiveCfg = Debug|Any CPU
		{2533A2A5-BAE5-4192-9257-06EC16913120}.Debug|Any CPU.Build.0 = Debug|Any CPU
		{2533A2A5-BAE5-4192-9257-06EC16913120}.Release|Any CPU.ActiveCfg = Release|Any CPU
		{2533A2A5-BAE5-4192-9257-06EC16913120}.Release|Any CPU.Build.0 = Release|Any CPU
	EndGlobalSection
	GlobalSection(SolutionProperties) = preSolution
		HideSolutionNode = FALSE
	EndGlobalSection
	GlobalSection(ExtensibilityGlobals) = postSolution
		SolutionGuid = {C72AE4DF-C1F5-4095-805C-57A83952D7CE}
	EndGlobalSection
EndGlobal
